
Microsoft Visual Studio Solution File, Format Version 12.00
# Visual Studio 15
VisualStudioVersion = 15.0.28010.2019
MinimumVisualStudioVersion = 10.0.40219.1
Project("{FAE04EC0-301F-11D3-BF4B-00C04F79EFBC}") = "Index666", "Index\Index666.csproj", "{09411839-560C-4081-8898-B3927DD2870E}"
EndProject
Project("{FAE04EC0-301F-11D3-BF4B-00C04F79EFBC}") = "TestIndex", "TestIndex\TestIndex.csproj", "{7A313FA2-24E5-4CAF-BF63-59EBBE8A4EDE}"
EndProject
Global
	GlobalSection(SolutionConfigurationPlatforms) = preSolution
		Debug|Any CPU = Debug|Any CPU
		Release|Any CPU = Release|Any CPU
	EndGlobalSection
	GlobalSection(ProjectConfigurationPlatforms) = postSolution
		{09411839-560C-4081-8898-B3927DD2870E}.Debug|Any CPU.ActiveCfg = Debug|Any CPU
		{09411839-560C-4081-8898-B3927DD2870E}.Debug|Any CPU.Build.0 = Debug|Any CPU
		{09411839-560C-4081-8898-B3927DD2870E}.Release|Any CPU.ActiveCfg = Release|Any CPU
		{09411839-560C-4081-8898-B3927DD2870E}.Release|Any CPU.Build.0 = Release|Any CPU
		{7A313FA2-24E5-4CAF-BF63-59EBBE8A4EDE}.Debug|Any CPU.ActiveCfg = Debug|Any CPU
		{7A313FA2-24E5-4CAF-BF63-59EBBE8A4EDE}.Debug|Any CPU.Build.0 = Debug|Any CPU
		{7A313FA2-24E5-4CAF-BF63-59EBBE8A4EDE}.Release|Any CPU.ActiveCfg = Release|Any CPU
		{7A313FA2-24E5-4CAF-BF63-59EBBE8A4EDE}.Release|Any CPU.Build.0 = Release|Any CPU
	EndGlobalSection
	GlobalSection(SolutionProperties) = preSolution
		HideSolutionNode = FALSE
	EndGlobalSection
	GlobalSection(ExtensibilityGlobals) = postSolution
		SolutionGuid = {C2464250-3981-47A4-859A-45D415C51752}
	EndGlobalSection
EndGlobal
